
Microsoft Visual Studio Solution File, Format Version 12.00
# Visual Studio 15
VisualStudioVersion = 15.0.28307.572
MinimumVisualStudioVersion = 10.0.40219.1
Project("{FAE04EC0-301F-11D3-BF4B-00C04F79EFBC}") = "DodgeBlockMobile.Android", "DodgeBlockMobile\DodgeBlockMobile.Android\DodgeBlockMobile.Android.csproj", "{F0B368BB-E240-422E-9979-2B97B08F2E86}"
EndProject
Project("{FAE04EC0-301F-11D3-BF4B-00C04F79EFBC}") = "DodgeBlockMobile.iOS", "DodgeBlockMobile\DodgeBlockMobile.iOS\DodgeBlockMobile.iOS.csproj", "{C93768D1-E3DD-4C90-97BB-06716D4F9F4F}"
EndProject
Project("{9A19103F-16F7-4668-BE54-9A1E7A4F7556}") = "DodgeBlockMobile", "DodgeBlockMobile\DodgeBlockMobile\DodgeBlockMobile.csproj", "{89C4E2EE-FDBF-468B-BA86-1F86AA21B4C1}"
	ProjectSection(ProjectDependencies) = postProject
		{579ED7F9-FFD3-4204-BDF1-17EF724E06A4} = {579ED7F9-FFD3-4204-BDF1-17EF724E06A4}
	EndProjectSection
EndProject
Project("{FAE04EC0-301F-11D3-BF4B-00C04F79EFBC}") = "DodgeBlockFormsPort", "..\DodgeBlockFormsPort\DodgeBlockFormsPort.csproj", "{579ED7F9-FFD3-4204-BDF1-17EF724E06A4}"
EndProject
Project("{54435603-DBB4-11D2-8724-00A0C9A8B90C}") = "DodgeBlockInstallerV2", "..\DodgeBlockInstallerV2\DodgeBlockInstallerV2.vdproj", "{10FD5408-0183-4516-9961-B3EC852AB0AB}"
EndProject
Project("{9A19103F-16F7-4668-BE54-9A1E7A4F7556}") = "DodgeBlockConsole", "DodgeBlockConsole\DodgeBlockConsole.csproj", "{25516C9B-C4B7-4E0D-89CE-A99C3C3E6DBD}"
	ProjectSection(ProjectDependencies) = postProject
		{579ED7F9-FFD3-4204-BDF1-17EF724E06A4} = {579ED7F9-FFD3-4204-BDF1-17EF724E06A4}
	EndProjectSection
EndProject
Global
	GlobalSection(SolutionConfigurationPlatforms) = preSolution
		Ad-Hoc|Any CPU = Ad-Hoc|Any CPU
		Ad-Hoc|iPhone = Ad-Hoc|iPhone
		Ad-Hoc|iPhoneSimulator = Ad-Hoc|iPhoneSimulator
		AppStore|Any CPU = AppStore|Any CPU
		AppStore|iPhone = AppStore|iPhone
		AppStore|iPhoneSimulator = AppStore|iPhoneSimulator
		Debug|Any CPU = Debug|Any CPU
		Debug|iPhone = Debug|iPhone
		Debug|iPhoneSimulator = Debug|iPhoneSimulator
		Release|Any CPU = Release|Any CPU
		Release|iPhone = Release|iPhone
		Release|iPhoneSimulator = Release|iPhoneSimulator
	EndGlobalSection
	GlobalSection(ProjectConfigurationPlatforms) = postSolution
		{F0B368BB-E240-422E-9979-2B97B08F2E86}.Ad-Hoc|Any CPU.ActiveCfg = Release|Any CPU
		{F0B368BB-E240-422E-9979-2B97B08F2E86}.Ad-Hoc|Any CPU.Build.0 = Release|Any CPU
		{F0B368BB-E240-422E-9979-2B97B08F2E86}.Ad-Hoc|Any CPU.Deploy.0 = Release|Any CPU
		{F0B368BB-E240-422E-9979-2B97B08F2E86}.Ad-Hoc|iPhone.ActiveCfg = Release|Any CPU
		{F0B368BB-E240-422E-9979-2B97B08F2E86}.Ad-Hoc|iPhone.Build.0 = Release|Any CPU
		{F0B368BB-E240-422E-9979-2B97B08F2E86}.Ad-Hoc|iPhone.Deploy.0 = Release|Any CPU
		{F0B368BB-E240-422E-9979-2B97B08F2E86}.Ad-Hoc|iPhoneSimulator.ActiveCfg = Release|Any CPU
		{F0B368BB-E240-422E-9979-2B97B08F2E86}.Ad-Hoc|iPhoneSimulator.Build.0 = Release|Any CPU
		{F0B368BB-E240-422E-9979-2B97B08F2E86}.Ad-Hoc|iPhoneSimulator.Deploy.0 = Release|Any CPU
		{F0B368BB-E240-422E-9979-2B97B08F2E86}.AppStore|Any CPU.ActiveCfg = Release|Any CPU
		{F0B368BB-E240-422E-9979-2B97B08F2E86}.AppStore|Any CPU.Build.0 = Release|Any CPU
		{F0B368BB-E240-422E-9979-2B97B08F2E86}.AppStore|Any CPU.Deploy.0 = Release|Any CPU
		{F0B368BB-E240-422E-9979-2B97B08F2E86}.AppStore|iPhone.ActiveCfg = Release|Any CPU
		{F0B368BB-E240-422E-9979-2B97B08F2E86}.AppStore|iPhone.Build.0 = Release|Any CPU
		{F0B368BB-E240-422E-9979-2B97B08F2E86}.AppStore|iPhone.Deploy.0 = Release|Any CPU
		{F0B368BB-E240-422E-9979-2B97B08F2E86}.AppStore|iPhoneSimulator.ActiveCfg = Release|Any CPU
		{F0B368BB-E240-422E-9979-2B97B08F2E86}.AppStore|iPhoneSimulator.Build.0 = Release|Any CPU
		{F0B368BB-E240-422E-9979-2B97B08F2E86}.AppStore|iPhoneSimulator.Deploy.0 = Release|Any CPU
		{F0B368BB-E240-422E-9979-2B97B08F2E86}.Debug|Any CPU.ActiveCfg = Debug|Any CPU
		{F0B368BB-E240-422E-9979-2B97B08F2E86}.Debug|Any CPU.Build.0 = Debug|Any CPU
		{F0B368BB-E240-422E-9979-2B97B08F2E86}.Debug|Any CPU.Deploy.0 = Debug|Any CPU
		{F0B368BB-E240-422E-9979-2B97B08F2E86}.Debug|iPhone.ActiveCfg = Debug|Any CPU
		{F0B368BB-E240-422E-9979-2B97B08F2E86}.Debug|iPhone.Build.0 = Debug|Any CPU
		{F0B368BB-E240-422E-9979-2B97B08F2E86}.Debug|iPhone.Deploy.0 = Debug|Any CPU
		{F0B368BB-E240-422E-9979-2B97B08F2E86}.Debug|iPhoneSimulator.ActiveCfg = Debug|Any CPU
		{F0B368BB-E240-422E-9979-2B97B08F2E86}.Debug|iPhoneSimulator.Build.0 = Debug|Any CPU
		{F0B368BB-E240-422E-9979-2B97B08F2E86}.Debug|iPhoneSimulator.Deploy.0 = Debug|Any CPU
		{F0B368BB-E240-422E-9979-2B97B08F2E86}.Release|Any CPU.ActiveCfg = Release|Any CPU
		{F0B368BB-E240-422E-9979-2B97B08F2E86}.Release|Any CPU.Build.0 = Release|Any CPU
		{F0B368BB-E240-422E-9979-2B97B08F2E86}.Release|Any CPU.Deploy.0 = Release|Any CPU
		{F0B368BB-E240-422E-9979-2B97B08F2E86}.Release|iPhone.ActiveCfg = Release|Any CPU
		{F0B368BB-E240-422E-9979-2B97B08F2E86}.Release|iPhone.Build.0 = Release|Any CPU
		{F0B368BB-E240-422E-9979-2B97B08F2E86}.Release|iPhone.Deploy.0 = Release|Any CPU
		{F0B368BB-E240-422E-9979-2B97B08F2E86}.Release|iPhoneSimulator.ActiveCfg = Release|Any CPU
		{F0B368BB-E240-422E-9979-2B97B08F2E86}.Release|iPhoneSimulator.Build.0 = Release|Any CPU
		{F0B368BB-E240-422E-9979-2B97B08F2E86}.Release|iPhoneSimulator.Deploy.0 = Release|Any CPU
		{C93768D1-E3DD-4C90-97BB-06716D4F9F4F}.Ad-Hoc|Any CPU.ActiveCfg = Ad-Hoc|iPhone
		{C93768D1-E3DD-4C90-97BB-06716D4F9F4F}.Ad-Hoc|Any CPU.Build.0 = Ad-Hoc|iPhone
		{C93768D1-E3DD-4C90-97BB-06716D4F9F4F}.Ad-Hoc|Any CPU.Deploy.0 = Ad-Hoc|iPhone
		{C93768D1-E3DD-4C90-97BB-06716D4F9F4F}.Ad-Hoc|iPhone.ActiveCfg = Ad-Hoc|iPhone
		{C93768D1-E3DD-4C90-97BB-06716D4F9F4F}.Ad-Hoc|iPhone.Build.0 = Ad-Hoc|iPhone
		{C93768D1-E3DD-4C90-97BB-06716D4F9F4F}.Ad-Hoc|iPhone.Deploy.0 = Ad-Hoc|iPhone
		{C93768D1-E3DD-4C90-97BB-06716D4F9F4F}.Ad-Hoc|iPhoneSimulator.ActiveCfg = Ad-Hoc|iPhoneSimulator
		{C93768D1-E3DD-4C90-97BB-06716D4F9F4F}.Ad-Hoc|iPhoneSimulator.Build.0 = Ad-Hoc|iPhoneSimulator
		{C93768D1-E3DD-4C90-97BB-06716D4F9F4F}.Ad-Hoc|iPhoneSimulator.Deploy.0 = Ad-Hoc|iPhoneSimulator
		{C93768D1-E3DD-4C90-97BB-06716D4F9F4F}.AppStore|Any CPU.ActiveCfg = AppStore|iPhone
		{C93768D1-E3DD-4C90-97BB-06716D4F9F4F}.AppStore|Any CPU.Build.0 = AppStore|iPhone
		{C93768D1-E3DD-4C90-97BB-06716D4F9F4F}.AppStore|Any CPU.Deploy.0 = AppStore|iPhone
		{C93768D1-E3DD-4C90-97BB-06716D4F9F4F}.AppStore|iPhone.ActiveCfg = AppStore|iPhone
		{C93768D1-E3DD-4C90-97BB-06716D4F9F4F}.AppStore|iPhone.Build.0 = AppStore|iPhone
		{C93768D1-E3DD-4C90-97BB-06716D4F9F4F}.AppStore|iPhone.Deploy.0 = AppStore|iPhone
		{C93768D1-E3DD-4C90-97BB-06716D4F9F4F}.AppStore|iPhoneSimulator.ActiveCfg = AppStore|iPhoneSimulator
		{C93768D1-E3DD-4C90-97BB-06716D4F9F4F}.AppStore|iPhoneSimulator.Build.0 = AppStore|iPhoneSimulator
		{C93768D1-E3DD-4C90-97BB-06716D4F9F4F}.AppStore|iPhoneSimulator.Deploy.0 = AppStore|iPhoneSimulator
		{C93768D1-E3DD-4C90-97BB-06716D4F9F4F}.Debug|Any CPU.ActiveCfg = Debug|iPhoneSimulator
		{C93768D1-E3DD-4C90-97BB-06716D4F9F4F}.Debug|Any CPU.Deploy.0 = Debug|iPhoneSimulator
		{C93768D1-E3DD-4C90-97BB-06716D4F9F4F}.Debug|iPhone.ActiveCfg = Debug|iPhone
		{C93768D1-E3DD-4C90-97BB-06716D4F9F4F}.Debug|iPhone.Build.0 = Debug|iPhone
		{C93768D1-E3DD-4C90-97BB-06716D4F9F4F}.Debug|iPhone.Deploy.0 = Debug|iPhone
		{C93768D1-E3DD-4C90-97BB-06716D4F9F4F}.Debug|iPhoneSimulator.ActiveCfg = Debug|iPhoneSimulator
		{C93768D1-E3DD-4C90-97BB-06716D4F9F4F}.Debug|iPhoneSimulator.Build.0 = Debug|iPhoneSimulator
		{C93768D1-E3DD-4C90-97BB-06716D4F9F4F}.Debug|iPhoneSimulator.Deploy.0 = Debug|iPhoneSimulator
		{C93768D1-E3DD-4C90-97BB-06716D4F9F4F}.Release|Any CPU.ActiveCfg = Release|iPhone
		{C93768D1-E3DD-4C90-97BB-06716D4F9F4F}.Release|Any CPU.Build.0 = Release|iPhone
		{C93768D1-E3DD-4C90-97BB-06716D4F9F4F}.Release|Any CPU.Deploy.0 = Release|iPhone
		{C93768D1-E3DD-4C90-97BB-06716D4F9F4F}.Release|iPhone.ActiveCfg = Release|iPhone
		{C93768D1-E3DD-4C90-97BB-06716D4F9F4F}.Release|iPhone.Build.0 = Release|iPhone
		{C93768D1-E3DD-4C90-97BB-06716D4F9F4F}.Release|iPhone.Deploy.0 = Release|iPhone
		{C93768D1-E3DD-4C90-97BB-06716D4F9F4F}.Release|iPhoneSimulator.ActiveCfg = Release|iPhoneSimulator
		{C93768D1-E3DD-4C90-97BB-06716D4F9F4F}.Release|iPhoneSimulator.Build.0 = Release|iPhoneSimulator
		{C93768D1-E3DD-4C90-97BB-06716D4F9F4F}.Release|iPhoneSimulator.Deploy.0 = Release|iPhoneSimulator
		{89C4E2EE-FDBF-468B-BA86-1F86AA21B4C1}.Ad-Hoc|Any CPU.ActiveCfg = Debug|Any CPU
		{89C4E2EE-FDBF-468B-BA86-1F86AA21B4C1}.Ad-Hoc|Any CPU.Build.0 = Debug|Any CPU
		{89C4E2EE-FDBF-468B-BA86-1F86AA21B4C1}.Ad-Hoc|Any CPU.Deploy.0 = Debug|Any CPU
		{89C4E2EE-FDBF-468B-BA86-1F86AA21B4C1}.Ad-Hoc|iPhone.ActiveCfg = Debug|Any CPU
		{89C4E2EE-FDBF-468B-BA86-1F86AA21B4C1}.Ad-Hoc|iPhone.Build.0 = Debug|Any CPU
		{89C4E2EE-FDBF-468B-BA86-1F86AA21B4C1}.Ad-Hoc|iPhone.Deploy.0 = Debug|Any CPU
		{89C4E2EE-FDBF-468B-BA86-1F86AA21B4C1}.Ad-Hoc|iPhoneSimulator.ActiveCfg = Debug|Any CPU
		{89C4E2EE-FDBF-468B-BA86-1F86AA21B4C1}.Ad-Hoc|iPhoneSimulator.Build.0 = Debug|Any CPU
		{89C4E2EE-FDBF-468B-BA86-1F86AA21B4C1}.Ad-Hoc|iPhoneSimulator.Deploy.0 = Debug|Any CPU
		{89C4E2EE-FDBF-468B-BA86-1F86AA21B4C1}.AppStore|Any CPU.ActiveCfg = Debug|Any CPU
		{89C4E2EE-FDBF-468B-BA86-1F86AA21B4C1}.AppStore|Any CPU.Build.0 = Debug|Any CPU
		{89C4E2EE-FDBF-468B-BA86-1F86AA21B4C1}.AppStore|Any CPU.Deploy.0 = Debug|Any CPU
		{89C4E2EE-FDBF-468B-BA86-1F86AA21B4C1}.AppStore|iPhone.ActiveCfg = Debug|Any CPU
		{89C4E2EE-FDBF-468B-BA86-1F86AA21B4C1}.AppStore|iPhone.Build.0 = Debug|Any CPU
		{89C4E2EE-FDBF-468B-BA86-1F86AA21B4C1}.AppStore|iPhone.Deploy.0 = Debug|Any CPU
		{89C4E2EE-FDBF-468B-BA86-1F86AA21B4C1}.AppStore|iPhoneSimulator.ActiveCfg = Debug|Any CPU
		{89C4E2EE-FDBF-468B-BA86-1F86AA21B4C1}.AppStore|iPhoneSimulator.Build.0 = Debug|Any CPU
		{89C4E2EE-FDBF-468B-BA86-1F86AA21B4C1}.AppStore|iPhoneSimulator.Deploy.0 = Debug|Any CPU
		{89C4E2EE-FDBF-468B-BA86-1F86AA21B4C1}.Debug|Any CPU.ActiveCfg = Debug|Any CPU
		{89C4E2EE-FDBF-468B-BA86-1F86AA21B4C1}.Debug|Any CPU.Build.0 = Debug|Any CPU
		{89C4E2EE-FDBF-468B-BA86-1F86AA21B4C1}.Debug|Any CPU.Deploy.0 = Debug|Any CPU
		{89C4E2EE-FDBF-468B-BA86-1F86AA21B4C1}.Debug|iPhone.ActiveCfg = Debug|Any CPU
		{89C4E2EE-FDBF-468B-BA86-1F86AA21B4C1}.Debug|iPhone.Build.0 = Debug|Any CPU
		{89C4E2EE-FDBF-468B-BA86-1F86AA21B4C1}.Debug|iPhone.Deploy.0 = Debug|Any CPU
		{89C4E2EE-FDBF-468B-BA86-1F86AA21B4C1}.Debug|iPhoneSimulator.ActiveCfg = Debug|Any CPU
		{89C4E2EE-FDBF-468B-BA86-1F86AA21B4C1}.Debug|iPhoneSimulator.Build.0 = Debug|Any CPU
		{89C4E2EE-FDBF-468B-BA86-1F86AA21B4C1}.Debug|iPhoneSimulator.Deploy.0 = Debug|Any CPU
		{89C4E2EE-FDBF-468B-BA86-1F86AA21B4C1}.Release|Any CPU.ActiveCfg = Release|Any CPU
		{89C4E2EE-FDBF-468B-BA86-1F86AA21B4C1}.Release|Any CPU.Build.0 = Release|Any CPU
		{89C4E2EE-FDBF-468B-BA86-1F86AA21B4C1}.Release|Any CPU.Deploy.0 = Release|Any CPU
		{89C4E2EE-FDBF-468B-BA86-1F86AA21B4C1}.Release|iPhone.ActiveCfg = Release|Any CPU
		{89C4E2EE-FDBF-468B-BA86-1F86AA21B4C1}.Release|iPhone.Build.0 = Release|Any CPU
		{89C4E2EE-FDBF-468B-BA86-1F86AA21B4C1}.Release|iPhone.Deploy.0 = Release|Any CPU
		{89C4E2EE-FDBF-468B-BA86-1F86AA21B4C1}.Release|iPhoneSimulator.ActiveCfg = Release|Any CPU
		{89C4E2EE-FDBF-468B-BA86-1F86AA21B4C1}.Release|iPhoneSimulator.Build.0 = Release|Any CPU
		{89C4E2EE-FDBF-468B-BA86-1F86AA21B4C1}.Release|iPhoneSimulator.Deploy.0 = Release|Any CPU
		{579ED7F9-FFD3-4204-BDF1-17EF724E06A4}.Ad-Hoc|Any CPU.ActiveCfg = Release|Any CPU
		{579ED7F9-FFD3-4204-BDF1-17EF724E06A4}.Ad-Hoc|Any CPU.Build.0 = Release|Any CPU
		{579ED7F9-FFD3-4204-BDF1-17EF724E06A4}.Ad-Hoc|iPhone.ActiveCfg = Release|Any CPU
		{579ED7F9-FFD3-4204-BDF1-17EF724E06A4}.Ad-Hoc|iPhone.Build.0 = Release|Any CPU
		{579ED7F9-FFD3-4204-BDF1-17EF724E06A4}.Ad-Hoc|iPhoneSimulator.ActiveCfg = Release|Any CPU
		{579ED7F9-FFD3-4204-BDF1-17EF724E06A4}.Ad-Hoc|iPhoneSimulator.Build.0 = Release|Any CPU
		{579ED7F9-FFD3-4204-BDF1-17EF724E06A4}.AppStore|Any CPU.ActiveCfg = Release|Any CPU
		{579ED7F9-FFD3-4204-BDF1-17EF724E06A4}.AppStore|Any CPU.Build.0 = Release|Any CPU
		{579ED7F9-FFD3-4204-BDF1-17EF724E06A4}.AppStore|iPhone.ActiveCfg = Release|Any CPU
		{579ED7F9-FFD3-4204-BDF1-17EF724E06A4}.AppStore|iPhone.Build.0 = Release|Any CPU
		{579ED7F9-FFD3-4204-BDF1-17EF724E06A4}.AppStore|iPhoneSimulator.ActiveCfg = Release|Any CPU
		{579ED7F9-FFD3-4204-BDF1-17EF724E06A4}.AppStore|iPhoneSimulator.Build.0 = Release|Any CPU
		{579ED7F9-FFD3-4204-BDF1-17EF724E06A4}.Debug|Any CPU.ActiveCfg = Debug|Any CPU
		{579ED7F9-FFD3-4204-BDF1-17EF724E06A4}.Debug|Any CPU.Build.0 = Debug|Any CPU
		{579ED7F9-FFD3-4204-BDF1-17EF724E06A4}.Debug|iPhone.ActiveCfg = Debug|Any CPU
		{579ED7F9-FFD3-4204-BDF1-17EF724E06A4}.Debug|iPhone.Build.0 = Debug|Any CPU
		{579ED7F9-FFD3-4204-BDF1-17EF724E06A4}.Debug|iPhoneSimulator.ActiveCfg = Debug|Any CPU
		{579ED7F9-FFD3-4204-BDF1-17EF724E06A4}.Debug|iPhoneSimulator.Build.0 = Debug|Any CPU
		{579ED7F9-FFD3-4204-BDF1-17EF724E06A4}.Release|Any CPU.ActiveCfg = Release|Any CPU
		{579ED7F9-FFD3-4204-BDF1-17EF724E06A4}.Release|Any CPU.Build.0 = Release|Any CPU
		{579ED7F9-FFD3-4204-BDF1-17EF724E06A4}.Release|iPhone.ActiveCfg = Release|Any CPU
		{579ED7F9-FFD3-4204-BDF1-17EF724E06A4}.Release|iPhone.Build.0 = Release|Any CPU
		{579ED7F9-FFD3-4204-BDF1-17EF724E06A4}.Release|iPhoneSimulator.ActiveCfg = Release|Any CPU
		{579ED7F9-FFD3-4204-BDF1-17EF724E06A4}.Release|iPhoneSimulator.Build.0 = Release|Any CPU
		{10FD5408-0183-4516-9961-B3EC852AB0AB}.Ad-Hoc|Any CPU.ActiveCfg = Release
		{10FD5408-0183-4516-9961-B3EC852AB0AB}.Ad-Hoc|Any CPU.Build.0 = Release
		{10FD5408-0183-4516-9961-B3EC852AB0AB}.Ad-Hoc|iPhone.ActiveCfg = Release
		{10FD5408-0183-4516-9961-B3EC852AB0AB}.Ad-Hoc|iPhone.Build.0 = Release
		{10FD5408-0183-4516-9961-B3EC852AB0AB}.Ad-Hoc|iPhoneSimulator.ActiveCfg = Release
		{10FD5408-0183-4516-9961-B3EC852AB0AB}.Ad-Hoc|iPhoneSimulator.Build.0 = Release
		{10FD5408-0183-4516-9961-B3EC852AB0AB}.AppStore|Any CPU.ActiveCfg = Release
		{10FD5408-0183-4516-9961-B3EC852AB0AB}.AppStore|Any CPU.Build.0 = Release
		{10FD5408-0183-4516-9961-B3EC852AB0AB}.AppStore|iPhone.ActiveCfg = Release
		{10FD5408-0183-4516-9961-B3EC852AB0AB}.AppStore|iPhone.Build.0 = Release
		{10FD5408-0183-4516-9961-B3EC852AB0AB}.AppStore|iPhoneSimulator.ActiveCfg = Release
		{10FD5408-0183-4516-9961-B3EC852AB0AB}.AppStore|iPhoneSimulator.Build.0 = Release
		{10FD5408-0183-4516-9961-B3EC852AB0AB}.Debug|Any CPU.ActiveCfg = Debug
		{10FD5408-0183-4516-9961-B3EC852AB0AB}.Debug|Any CPU.Build.0 = Debug
		{10FD5408-0183-4516-9961-B3EC852AB0AB}.Debug|iPhone.ActiveCfg = Debug
		{10FD5408-0183-4516-9961-B3EC852AB0AB}.Debug|iPhone.Build.0 = Debug
		{10FD5408-0183-4516-9961-B3EC852AB0AB}.Debug|iPhoneSimulator.ActiveCfg = Debug
		{10FD5408-0183-4516-9961-B3EC852AB0AB}.Debug|iPhoneSimulator.Build.0 = Debug
		{10FD5408-0183-4516-9961-B3EC852AB0AB}.Release|Any CPU.ActiveCfg = Release
		{10FD5408-0183-4516-9961-B3EC852AB0AB}.Release|Any CPU.Build.0 = Release
		{10FD5408-0183-4516-9961-B3EC852AB0AB}.Release|iPhone.ActiveCfg = Release
		{10FD5408-0183-4516-9961-B3EC852AB0AB}.Release|iPhone.Build.0 = Release
		{10FD5408-0183-4516-9961-B3EC852AB0AB}.Release|iPhoneSimulator.ActiveCfg = Release
		{10FD5408-0183-4516-9961-B3EC852AB0AB}.Release|iPhoneSimulator.Build.0 = Release
		{25516C9B-C4B7-4E0D-89CE-A99C3C3E6DBD}.Ad-Hoc|Any CPU.ActiveCfg = Debug|Any CPU
		{25516C9B-C4B7-4E0D-89CE-A99C3C3E6DBD}.Ad-Hoc|Any CPU.Build.0 = Debug|Any CPU
		{25516C9B-C4B7-4E0D-89CE-A99C3C3E6DBD}.Ad-Hoc|iPhone.ActiveCfg = Debug|Any CPU
		{25516C9B-C4B7-4E0D-89CE-A99C3C3E6DBD}.Ad-Hoc|iPhone.Build.0 = Debug|Any CPU
		{25516C9B-C4B7-4E0D-89CE-A99C3C3E6DBD}.Ad-Hoc|iPhoneSimulator.ActiveCfg = Debug|Any CPU
		{25516C9B-C4B7-4E0D-89CE-A99C3C3E6DBD}.Ad-Hoc|iPhoneSimulator.Build.0 = Debug|Any CPU
		{25516C9B-C4B7-4E0D-89CE-A99C3C3E6DBD}.AppStore|Any CPU.ActiveCfg = Debug|Any CPU
		{25516C9B-C4B7-4E0D-89CE-A99C3C3E6DBD}.AppStore|Any CPU.Build.0 = Debug|Any CPU
		{25516C9B-C4B7-4E0D-89CE-A99C3C3E6DBD}.AppStore|iPhone.ActiveCfg = Debug|Any CPU
		{25516C9B-C4B7-4E0D-89CE-A99C3C3E6DBD}.AppStore|iPhone.Build.0 = Debug|Any CPU
		{25516C9B-C4B7-4E0D-89CE-A99C3C3E6DBD}.AppStore|iPhoneSimulator.ActiveCfg = Debug|Any CPU
		{25516C9B-C4B7-4E0D-89CE-A99C3C3E6DBD}.AppStore|iPhoneSimulator.Build.0 = Debug|Any CPU
		{25516C9B-C4B7-4E0D-89CE-A99C3C3E6DBD}.Debug|Any CPU.ActiveCfg = Debug|Any CPU
		{25516C9B-C4B7-4E0D-89CE-A99C3C3E6DBD}.Debug|Any CPU.Build.0 = Debug|Any CPU
		{25516C9B-C4B7-4E0D-89CE-A99C3C3E6DBD}.Debug|iPhone.ActiveCfg = Debug|Any CPU
		{25516C9B-C4B7-4E0D-89CE-A99C3C3E6DBD}.Debug|iPhone.Build.0 = Debug|Any CPU
		{25516C9B-C4B7-4E0D-89CE-A99C3C3E6DBD}.Debug|iPhoneSimulator.ActiveCfg = Debug|Any CPU
		{25516C9B-C4B7-4E0D-89CE-A99C3C3E6DBD}.Debug|iPhoneSimulator.Build.0 = Debug|Any CPU
		{25516C9B-C4B7-4E0D-89CE-A99C3C3E6DBD}.Release|Any CPU.ActiveCfg = Release|Any CPU
		{25516C9B-C4B7-4E0D-89CE-A99C3C3E6DBD}.Release|Any CPU.Build.0 = Release|Any CPU
		{25516C9B-C4B7-4E0D-89CE-A99C3C3E6DBD}.Release|iPhone.ActiveCfg = Release|Any CPU
		{25516C9B-C4B7-4E0D-89CE-A99C3C3E6DBD}.Release|iPhone.Build.0 = Release|Any CPU
		{25516C9B-C4B7-4E0D-89CE-A99C3C3E6DBD}.Release|iPhoneSimulator.ActiveCfg = Release|Any CPU
		{25516C9B-C4B7-4E0D-89CE-A99C3C3E6DBD}.Release|iPhoneSimulator.Build.0 = Release|Any CPU
	EndGlobalSection
	GlobalSection(SolutionProperties) = preSolution
		HideSolutionNode = FALSE
	EndGlobalSection
	GlobalSection(ExtensibilityGlobals) = postSolution
		SolutionGuid = {725A8DE3-B96B-4619-A21E-A8BE5E76626F}
	EndGlobalSection
EndGlobal
